
Microsoft Visual Studio Solution File, Format Version 11.00
# Visual Studio 2010
Project("{FAE04EC0-301F-11D3-BF4B-00C04F79EFBC}") = "Sentinel", "Sentinel\Sentinel.csproj", "{152376B9-4CED-4671-9CCB-6BD9F06A1E0D}"
EndProject
Project("{FAE04EC0-301F-11D3-BF4B-00C04F79EFBC}") = "NLogTester", "NLogTester\NLogTester.csproj", "{93081C58-433D-40D1-B0AD-524AA098D3B2}"
EndProject
Project("{FAE04EC0-301F-11D3-BF4B-00C04F79EFBC}") = "Sentinel.Providers", "Sentinel.Providers\Sentinel.Providers.csproj", "{8D37D08D-5F3E-47FF-B9A7-871E736E1A80}"
EndProject
Project("{FAE04EC0-301F-11D3-BF4B-00C04F79EFBC}") = "Sentinel.Interfaces", "Sentinel.Interfaces\Sentinel.Interfaces.csproj", "{98EE053E-9457-4EEA-9C88-129D53304549}"
EndProject
Project("{FAE04EC0-301F-11D3-BF4B-00C04F79EFBC}") = "Sentinel.Services", "Sentinel.Services\Sentinel.Services.csproj", "{4E75A33A-41BE-4B82-8FF9-65E1260B04B5}"
EndProject
Project("{FAE04EC0-301F-11D3-BF4B-00C04F79EFBC}") = "Sentinel.Images", "Sentinel.Images\Sentinel.Images.csproj", "{97D40AF7-AAD0-49CD-AFAC-BA01E743ADB1}"
EndProject
Project("{FAE04EC0-301F-11D3-BF4B-00C04F79EFBC}") = "Sentinel.Support.Converters", "Sentinel.Support.Converters\Sentinel.Support.Converters.csproj", "{4AB4A2B9-5688-43B9-A6AA-9115D5E31D0C}"
EndProject
Project("{FAE04EC0-301F-11D3-BF4B-00C04F79EFBC}") = "Sentinel.Highlighters", "Sentinel.Highlighters\Sentinel.Highlighters.csproj", "{042394DC-B672-4BA7-8553-72F65379BA76}"
EndProject
Project("{FAE04EC0-301F-11D3-BF4B-00C04F79EFBC}") = "Sentinel.Support.Wpf", "Sentinel.Support.Wpf\Sentinel.Support.Wpf.csproj", "{CECF7D70-693E-491B-93CC-EB44AFA5E7B4}"
EndProject
Project("{FAE04EC0-301F-11D3-BF4B-00C04F79EFBC}") = "Sentinel.Images.Interfaces", "Sentinel.Images.Interfaces\Sentinel.Images.Interfaces.csproj", "{CBEC1207-47EC-4B45-9A88-0B680B3A6F38}"
EndProject
Project("{FAE04EC0-301F-11D3-BF4B-00C04F79EFBC}") = "Sentinel.Support.Mvvm", "Sentinel.Support.Mvvm\Sentinel.Support.Mvvm.csproj", "{9D39C747-ABC7-48B1-B7A2-581195BD4BE7}"
EndProject
Project("{FAE04EC0-301F-11D3-BF4B-00C04F79EFBC}") = "Sentinel.Highlighters.Interfaces", "Sentinel.Highlighters.Interfaces\Sentinel.Highlighters.Interfaces.csproj", "{89F6C4D5-0035-4AB0-AD6B-7BC4C836CDF1}"
EndProject
Project("{FAE04EC0-301F-11D3-BF4B-00C04F79EFBC}") = "Sentinel.Logs.Interfaces", "Sentinel.Logs.Interfaces\Sentinel.Logs.Interfaces.csproj", "{5331A25E-7944-4A60-ADC3-71F1BBC5D88F}"
EndProject
Project("{FAE04EC0-301F-11D3-BF4B-00C04F79EFBC}") = "Sentinel.Providers.Interfaces", "Sentinel.Providers.Interfaces\Sentinel.Providers.Interfaces.csproj", "{94B2806B-B157-4BAD-92B7-59118283E79D}"
EndProject
Project("{FAE04EC0-301F-11D3-BF4B-00C04F79EFBC}") = "Sentinel.Highlighters.Gui", "Sentinel.Highlighters.Gui\Sentinel.Highlighters.Gui.csproj", "{E7037DF3-2307-4042-8A1C-364C98A46984}"
EndProject
Project("{FAE04EC0-301F-11D3-BF4B-00C04F79EFBC}") = "Sentinel.Filters.Interfaces", "Sentinel.Filters.Interfaces\Sentinel.Filters.Interfaces.csproj", "{2E11945C-1D47-4FD5-BF8B-454B9D4FA5BC}"
EndProject
Project("{FAE04EC0-301F-11D3-BF4B-00C04F79EFBC}") = "Sentinel.Filters", "Sentinel.Filters\Sentinel.Filters.csproj", "{075F22D1-3B91-4E94-8EAD-B601A0167966}"
EndProject
Project("{FAE04EC0-301F-11D3-BF4B-00C04F79EFBC}") = "Sentinel.Filters.Gui", "Sentinel.Filters.Gui\Sentinel.Filters.Gui.csproj", "{9775523D-5805-48C2-A80B-9C7D0695F02E}"
EndProject
Project("{FAE04EC0-301F-11D3-BF4B-00C04F79EFBC}") = "Sentinel.Logs.Gui", "Sentinel.Logs.Gui\Sentinel.Logs.Gui.csproj", "{3D2F920A-F8B0-4A57-A34F-3D22471F70B4}"
EndProject
Project("{FAE04EC0-301F-11D3-BF4B-00C04F79EFBC}") = "Sentinel.Views.Interfaces", "Sentinel.Views.Interfaces\Sentinel.Views.Interfaces.csproj", "{4FB349D6-44EA-465D-9EAC-AE762BD85BA6}"
EndProject
Project("{FAE04EC0-301F-11D3-BF4B-00C04F79EFBC}") = "Sentinel.Views", "Sentinel.Views\Sentinel.Views.csproj", "{6A0BF188-6A2B-4C76-9B4C-30B74F01F0B8}"
EndProject
Project("{FAE04EC0-301F-11D3-BF4B-00C04F79EFBC}") = "Sentinel.Views.Gui", "Sentinel.Views.Gui\Sentinel.Views.Gui.csproj", "{E8B7241D-886C-4056-88CC-F4A6F41AC2D9}"
EndProject
Project("{FAE04EC0-301F-11D3-BF4B-00C04F79EFBC}") = "Log4NetTester", "Log4NetTester\Log4NetTester.csproj", "{336279C2-07D0-4119-B02A-6AEE8ECAF4BC}"
EndProject
Project("{FAE04EC0-301F-11D3-BF4B-00C04F79EFBC}") = "Sentinel.Views.Heartbeat", "Sentinel.Views.Heartbeat\Sentinel.Views.Heartbeat.csproj", "{157881E0-8E6E-4566-9895-42BE076CAC38}"
EndProject
Project("{FAE04EC0-301F-11D3-BF4B-00C04F79EFBC}") = "WpfExtras", "WpfExtras\WpfExtras.csproj", "{1DD6CD3B-E53D-4770-97C9-6A5B0B551E89}"
EndProject
Global
	GlobalSection(SubversionScc) = preSolution
		Svn-Managed = True
		Manager = AnkhSVN - Subversion Support for Visual Studio
	EndGlobalSection
	GlobalSection(SolutionConfigurationPlatforms) = preSolution
		Debug|Any CPU = Debug|Any CPU
		Debug|Mixed Platforms = Debug|Mixed Platforms
		Debug|x86 = Debug|x86
		Release|Any CPU = Release|Any CPU
		Release|Mixed Platforms = Release|Mixed Platforms
		Release|x86 = Release|x86
	EndGlobalSection
	GlobalSection(ProjectConfigurationPlatforms) = postSolution
		{152376B9-4CED-4671-9CCB-6BD9F06A1E0D}.Debug|Any CPU.ActiveCfg = Debug|Any CPU
		{152376B9-4CED-4671-9CCB-6BD9F06A1E0D}.Debug|Any CPU.Build.0 = Debug|Any CPU
		{152376B9-4CED-4671-9CCB-6BD9F06A1E0D}.Debug|Mixed Platforms.ActiveCfg = Debug|Any CPU
		{152376B9-4CED-4671-9CCB-6BD9F06A1E0D}.Debug|Mixed Platforms.Build.0 = Debug|Any CPU
		{152376B9-4CED-4671-9CCB-6BD9F06A1E0D}.Debug|x86.ActiveCfg = Debug|Any CPU
		{152376B9-4CED-4671-9CCB-6BD9F06A1E0D}.Release|Any CPU.ActiveCfg = Release|Any CPU
		{152376B9-4CED-4671-9CCB-6BD9F06A1E0D}.Release|Any CPU.Build.0 = Release|Any CPU
		{152376B9-4CED-4671-9CCB-6BD9F06A1E0D}.Release|Mixed Platforms.ActiveCfg = Release|Any CPU
		{152376B9-4CED-4671-9CCB-6BD9F06A1E0D}.Release|Mixed Platforms.Build.0 = Release|Any CPU
		{152376B9-4CED-4671-9CCB-6BD9F06A1E0D}.Release|x86.ActiveCfg = Release|Any CPU
		{93081C58-433D-40D1-B0AD-524AA098D3B2}.Debug|Any CPU.ActiveCfg = Debug|Any CPU
		{93081C58-433D-40D1-B0AD-524AA098D3B2}.Debug|Any CPU.Build.0 = Debug|Any CPU
		{93081C58-433D-40D1-B0AD-524AA098D3B2}.Debug|Mixed Platforms.ActiveCfg = Debug|Any CPU
		{93081C58-433D-40D1-B0AD-524AA098D3B2}.Debug|Mixed Platforms.Build.0 = Debug|Any CPU
		{93081C58-433D-40D1-B0AD-524AA098D3B2}.Debug|x86.ActiveCfg = Debug|Any CPU
		{93081C58-433D-40D1-B0AD-524AA098D3B2}.Release|Any CPU.ActiveCfg = Release|Any CPU
		{93081C58-433D-40D1-B0AD-524AA098D3B2}.Release|Any CPU.Build.0 = Release|Any CPU
		{93081C58-433D-40D1-B0AD-524AA098D3B2}.Release|Mixed Platforms.ActiveCfg = Release|Any CPU
		{93081C58-433D-40D1-B0AD-524AA098D3B2}.Release|Mixed Platforms.Build.0 = Release|Any CPU
		{93081C58-433D-40D1-B0AD-524AA098D3B2}.Release|x86.ActiveCfg = Release|Any CPU
		{8D37D08D-5F3E-47FF-B9A7-871E736E1A80}.Debug|Any CPU.ActiveCfg = Debug|Any CPU
		{8D37D08D-5F3E-47FF-B9A7-871E736E1A80}.Debug|Any CPU.Build.0 = Debug|Any CPU
		{8D37D08D-5F3E-47FF-B9A7-871E736E1A80}.Debug|Mixed Platforms.ActiveCfg = Debug|Any CPU
		{8D37D08D-5F3E-47FF-B9A7-871E736E1A80}.Debug|Mixed Platforms.Build.0 = Debug|Any CPU
		{8D37D08D-5F3E-47FF-B9A7-871E736E1A80}.Debug|x86.ActiveCfg = Debug|Any CPU
		{8D37D08D-5F3E-47FF-B9A7-871E736E1A80}.Release|Any CPU.ActiveCfg = Release|Any CPU
		{8D37D08D-5F3E-47FF-B9A7-871E736E1A80}.Release|Any CPU.Build.0 = Release|Any CPU
		{8D37D08D-5F3E-47FF-B9A7-871E736E1A80}.Release|Mixed Platforms.ActiveCfg = Release|Any CPU
		{8D37D08D-5F3E-47FF-B9A7-871E736E1A80}.Release|Mixed Platforms.Build.0 = Release|Any CPU
		{8D37D08D-5F3E-47FF-B9A7-871E736E1A80}.Release|x86.ActiveCfg = Release|Any CPU
		{98EE053E-9457-4EEA-9C88-129D53304549}.Debug|Any CPU.ActiveCfg = Debug|Any CPU
		{98EE053E-9457-4EEA-9C88-129D53304549}.Debug|Any CPU.Build.0 = Debug|Any CPU
		{98EE053E-9457-4EEA-9C88-129D53304549}.Debug|Mixed Platforms.ActiveCfg = Debug|Any CPU
		{98EE053E-9457-4EEA-9C88-129D53304549}.Debug|Mixed Platforms.Build.0 = Debug|Any CPU
		{98EE053E-9457-4EEA-9C88-129D53304549}.Debug|x86.ActiveCfg = Debug|Any CPU
		{98EE053E-9457-4EEA-9C88-129D53304549}.Release|Any CPU.ActiveCfg = Release|Any CPU
		{98EE053E-9457-4EEA-9C88-129D53304549}.Release|Any CPU.Build.0 = Release|Any CPU
		{98EE053E-9457-4EEA-9C88-129D53304549}.Release|Mixed Platforms.ActiveCfg = Release|Any CPU
		{98EE053E-9457-4EEA-9C88-129D53304549}.Release|Mixed Platforms.Build.0 = Release|Any CPU
		{98EE053E-9457-4EEA-9C88-129D53304549}.Release|x86.ActiveCfg = Release|Any CPU
		{4E75A33A-41BE-4B82-8FF9-65E1260B04B5}.Debug|Any CPU.ActiveCfg = Debug|Any CPU
		{4E75A33A-41BE-4B82-8FF9-65E1260B04B5}.Debug|Any CPU.Build.0 = Debug|Any CPU
		{4E75A33A-41BE-4B82-8FF9-65E1260B04B5}.Debug|Mixed Platforms.ActiveCfg = Debug|Any CPU
		{4E75A33A-41BE-4B82-8FF9-65E1260B04B5}.Debug|Mixed Platforms.Build.0 = Debug|Any CPU
		{4E75A33A-41BE-4B82-8FF9-65E1260B04B5}.Debug|x86.ActiveCfg = Debug|Any CPU
		{4E75A33A-41BE-4B82-8FF9-65E1260B04B5}.Release|Any CPU.ActiveCfg = Release|Any CPU
		{4E75A33A-41BE-4B82-8FF9-65E1260B04B5}.Release|Any CPU.Build.0 = Release|Any CPU
		{4E75A33A-41BE-4B82-8FF9-65E1260B04B5}.Release|Mixed Platforms.ActiveCfg = Release|Any CPU
		{4E75A33A-41BE-4B82-8FF9-65E1260B04B5}.Release|Mixed Platforms.Build.0 = Release|Any CPU
		{4E75A33A-41BE-4B82-8FF9-65E1260B04B5}.Release|x86.ActiveCfg = Release|Any CPU
		{97D40AF7-AAD0-49CD-AFAC-BA01E743ADB1}.Debug|Any CPU.ActiveCfg = Debug|Any CPU
		{97D40AF7-AAD0-49CD-AFAC-BA01E743ADB1}.Debug|Any CPU.Build.0 = Debug|Any CPU
		{97D40AF7-AAD0-49CD-AFAC-BA01E743ADB1}.Debug|Mixed Platforms.ActiveCfg = Debug|Any CPU
		{97D40AF7-AAD0-49CD-AFAC-BA01E743ADB1}.Debug|Mixed Platforms.Build.0 = Debug|Any CPU
		{97D40AF7-AAD0-49CD-AFAC-BA01E743ADB1}.Debug|x86.ActiveCfg = Debug|Any CPU
		{97D40AF7-AAD0-49CD-AFAC-BA01E743ADB1}.Release|Any CPU.ActiveCfg = Release|Any CPU
		{97D40AF7-AAD0-49CD-AFAC-BA01E743ADB1}.Release|Any CPU.Build.0 = Release|Any CPU
		{97D40AF7-AAD0-49CD-AFAC-BA01E743ADB1}.Release|Mixed Platforms.ActiveCfg = Release|Any CPU
		{97D40AF7-AAD0-49CD-AFAC-BA01E743ADB1}.Release|Mixed Platforms.Build.0 = Release|Any CPU
		{97D40AF7-AAD0-49CD-AFAC-BA01E743ADB1}.Release|x86.ActiveCfg = Release|Any CPU
		{4AB4A2B9-5688-43B9-A6AA-9115D5E31D0C}.Debug|Any CPU.ActiveCfg = Debug|Any CPU
		{4AB4A2B9-5688-43B9-A6AA-9115D5E31D0C}.Debug|Any CPU.Build.0 = Debug|Any CPU
		{4AB4A2B9-5688-43B9-A6AA-9115D5E31D0C}.Debug|Mixed Platforms.ActiveCfg = Debug|Any CPU
		{4AB4A2B9-5688-43B9-A6AA-9115D5E31D0C}.Debug|Mixed Platforms.Build.0 = Debug|Any CPU
		{4AB4A2B9-5688-43B9-A6AA-9115D5E31D0C}.Debug|x86.ActiveCfg = Debug|Any CPU
		{4AB4A2B9-5688-43B9-A6AA-9115D5E31D0C}.Release|Any CPU.ActiveCfg = Release|Any CPU
		{4AB4A2B9-5688-43B9-A6AA-9115D5E31D0C}.Release|Any CPU.Build.0 = Release|Any CPU
		{4AB4A2B9-5688-43B9-A6AA-9115D5E31D0C}.Release|Mixed Platforms.ActiveCfg = Release|Any CPU
		{4AB4A2B9-5688-43B9-A6AA-9115D5E31D0C}.Release|Mixed Platforms.Build.0 = Release|Any CPU
		{4AB4A2B9-5688-43B9-A6AA-9115D5E31D0C}.Release|x86.ActiveCfg = Release|Any CPU
		{042394DC-B672-4BA7-8553-72F65379BA76}.Debug|Any CPU.ActiveCfg = Debug|Any CPU
		{042394DC-B672-4BA7-8553-72F65379BA76}.Debug|Any CPU.Build.0 = Debug|Any CPU
		{042394DC-B672-4BA7-8553-72F65379BA76}.Debug|Mixed Platforms.ActiveCfg = Debug|Any CPU
		{042394DC-B672-4BA7-8553-72F65379BA76}.Debug|Mixed Platforms.Build.0 = Debug|Any CPU
		{042394DC-B672-4BA7-8553-72F65379BA76}.Debug|x86.ActiveCfg = Debug|Any CPU
		{042394DC-B672-4BA7-8553-72F65379BA76}.Release|Any CPU.ActiveCfg = Release|Any CPU
		{042394DC-B672-4BA7-8553-72F65379BA76}.Release|Any CPU.Build.0 = Release|Any CPU
		{042394DC-B672-4BA7-8553-72F65379BA76}.Release|Mixed Platforms.ActiveCfg = Release|Any CPU
		{042394DC-B672-4BA7-8553-72F65379BA76}.Release|Mixed Platforms.Build.0 = Release|Any CPU
		{042394DC-B672-4BA7-8553-72F65379BA76}.Release|x86.ActiveCfg = Release|Any CPU
		{CECF7D70-693E-491B-93CC-EB44AFA5E7B4}.Debug|Any CPU.ActiveCfg = Debug|Any CPU
		{CECF7D70-693E-491B-93CC-EB44AFA5E7B4}.Debug|Any CPU.Build.0 = Debug|Any CPU
		{CECF7D70-693E-491B-93CC-EB44AFA5E7B4}.Debug|Mixed Platforms.ActiveCfg = Debug|Any CPU
		{CECF7D70-693E-491B-93CC-EB44AFA5E7B4}.Debug|Mixed Platforms.Build.0 = Debug|Any CPU
		{CECF7D70-693E-491B-93CC-EB44AFA5E7B4}.Debug|x86.ActiveCfg = Debug|Any CPU
		{CECF7D70-693E-491B-93CC-EB44AFA5E7B4}.Release|Any CPU.ActiveCfg = Release|Any CPU
		{CECF7D70-693E-491B-93CC-EB44AFA5E7B4}.Release|Any CPU.Build.0 = Release|Any CPU
		{CECF7D70-693E-491B-93CC-EB44AFA5E7B4}.Release|Mixed Platforms.ActiveCfg = Release|Any CPU
		{CECF7D70-693E-491B-93CC-EB44AFA5E7B4}.Release|Mixed Platforms.Build.0 = Release|Any CPU
		{CECF7D70-693E-491B-93CC-EB44AFA5E7B4}.Release|x86.ActiveCfg = Release|Any CPU
		{CBEC1207-47EC-4B45-9A88-0B680B3A6F38}.Debug|Any CPU.ActiveCfg = Debug|Any CPU
		{CBEC1207-47EC-4B45-9A88-0B680B3A6F38}.Debug|Any CPU.Build.0 = Debug|Any CPU
		{CBEC1207-47EC-4B45-9A88-0B680B3A6F38}.Debug|Mixed Platforms.ActiveCfg = Debug|Any CPU
		{CBEC1207-47EC-4B45-9A88-0B680B3A6F38}.Debug|Mixed Platforms.Build.0 = Debug|Any CPU
		{CBEC1207-47EC-4B45-9A88-0B680B3A6F38}.Debug|x86.ActiveCfg = Debug|Any CPU
		{CBEC1207-47EC-4B45-9A88-0B680B3A6F38}.Release|Any CPU.ActiveCfg = Release|Any CPU
		{CBEC1207-47EC-4B45-9A88-0B680B3A6F38}.Release|Any CPU.Build.0 = Release|Any CPU
		{CBEC1207-47EC-4B45-9A88-0B680B3A6F38}.Release|Mixed Platforms.ActiveCfg = Release|Any CPU
		{CBEC1207-47EC-4B45-9A88-0B680B3A6F38}.Release|Mixed Platforms.Build.0 = Release|Any CPU
		{CBEC1207-47EC-4B45-9A88-0B680B3A6F38}.Release|x86.ActiveCfg = Release|Any CPU
		{9D39C747-ABC7-48B1-B7A2-581195BD4BE7}.Debug|Any CPU.ActiveCfg = Debug|Any CPU
		{9D39C747-ABC7-48B1-B7A2-581195BD4BE7}.Debug|Any CPU.Build.0 = Debug|Any CPU
		{9D39C747-ABC7-48B1-B7A2-581195BD4BE7}.Debug|Mixed Platforms.ActiveCfg = Debug|Any CPU
		{9D39C747-ABC7-48B1-B7A2-581195BD4BE7}.Debug|Mixed Platforms.Build.0 = Debug|Any CPU
		{9D39C747-ABC7-48B1-B7A2-581195BD4BE7}.Debug|x86.ActiveCfg = Debug|Any CPU
		{9D39C747-ABC7-48B1-B7A2-581195BD4BE7}.Release|Any CPU.ActiveCfg = Release|Any CPU
		{9D39C747-ABC7-48B1-B7A2-581195BD4BE7}.Release|Any CPU.Build.0 = Release|Any CPU
		{9D39C747-ABC7-48B1-B7A2-581195BD4BE7}.Release|Mixed Platforms.ActiveCfg = Release|Any CPU
		{9D39C747-ABC7-48B1-B7A2-581195BD4BE7}.Release|Mixed Platforms.Build.0 = Release|Any CPU
		{9D39C747-ABC7-48B1-B7A2-581195BD4BE7}.Release|x86.ActiveCfg = Release|Any CPU
		{89F6C4D5-0035-4AB0-AD6B-7BC4C836CDF1}.Debug|Any CPU.ActiveCfg = Debug|Any CPU
		{89F6C4D5-0035-4AB0-AD6B-7BC4C836CDF1}.Debug|Any CPU.Build.0 = Debug|Any CPU
		{89F6C4D5-0035-4AB0-AD6B-7BC4C836CDF1}.Debug|Mixed Platforms.ActiveCfg = Debug|Any CPU
		{89F6C4D5-0035-4AB0-AD6B-7BC4C836CDF1}.Debug|Mixed Platforms.Build.0 = Debug|Any CPU
		{89F6C4D5-0035-4AB0-AD6B-7BC4C836CDF1}.Debug|x86.ActiveCfg = Debug|Any CPU
		{89F6C4D5-0035-4AB0-AD6B-7BC4C836CDF1}.Release|Any CPU.ActiveCfg = Release|Any CPU
		{89F6C4D5-0035-4AB0-AD6B-7BC4C836CDF1}.Release|Any CPU.Build.0 = Release|Any CPU
		{89F6C4D5-0035-4AB0-AD6B-7BC4C836CDF1}.Release|Mixed Platforms.ActiveCfg = Release|Any CPU
		{89F6C4D5-0035-4AB0-AD6B-7BC4C836CDF1}.Release|Mixed Platforms.Build.0 = Release|Any CPU
		{89F6C4D5-0035-4AB0-AD6B-7BC4C836CDF1}.Release|x86.ActiveCfg = Release|Any CPU
		{5331A25E-7944-4A60-ADC3-71F1BBC5D88F}.Debug|Any CPU.ActiveCfg = Debug|Any CPU
		{5331A25E-7944-4A60-ADC3-71F1BBC5D88F}.Debug|Any CPU.Build.0 = Debug|Any CPU
		{5331A25E-7944-4A60-ADC3-71F1BBC5D88F}.Debug|Mixed Platforms.ActiveCfg = Debug|Any CPU
		{5331A25E-7944-4A60-ADC3-71F1BBC5D88F}.Debug|Mixed Platforms.Build.0 = Debug|Any CPU
		{5331A25E-7944-4A60-ADC3-71F1BBC5D88F}.Debug|x86.ActiveCfg = Debug|Any CPU
		{5331A25E-7944-4A60-ADC3-71F1BBC5D88F}.Release|Any CPU.ActiveCfg = Release|Any CPU
		{5331A25E-7944-4A60-ADC3-71F1BBC5D88F}.Release|Any CPU.Build.0 = Release|Any CPU
		{5331A25E-7944-4A60-ADC3-71F1BBC5D88F}.Release|Mixed Platforms.ActiveCfg = Release|Any CPU
		{5331A25E-7944-4A60-ADC3-71F1BBC5D88F}.Release|Mixed Platforms.Build.0 = Release|Any CPU
		{5331A25E-7944-4A60-ADC3-71F1BBC5D88F}.Release|x86.ActiveCfg = Release|Any CPU
		{94B2806B-B157-4BAD-92B7-59118283E79D}.Debug|Any CPU.ActiveCfg = Debug|Any CPU
		{94B2806B-B157-4BAD-92B7-59118283E79D}.Debug|Any CPU.Build.0 = Debug|Any CPU
		{94B2806B-B157-4BAD-92B7-59118283E79D}.Debug|Mixed Platforms.ActiveCfg = Debug|Any CPU
		{94B2806B-B157-4BAD-92B7-59118283E79D}.Debug|Mixed Platforms.Build.0 = Debug|Any CPU
		{94B2806B-B157-4BAD-92B7-59118283E79D}.Debug|x86.ActiveCfg = Debug|Any CPU
		{94B2806B-B157-4BAD-92B7-59118283E79D}.Release|Any CPU.ActiveCfg = Release|Any CPU
		{94B2806B-B157-4BAD-92B7-59118283E79D}.Release|Any CPU.Build.0 = Release|Any CPU
		{94B2806B-B157-4BAD-92B7-59118283E79D}.Release|Mixed Platforms.ActiveCfg = Release|Any CPU
		{94B2806B-B157-4BAD-92B7-59118283E79D}.Release|Mixed Platforms.Build.0 = Release|Any CPU
		{94B2806B-B157-4BAD-92B7-59118283E79D}.Release|x86.ActiveCfg = Release|Any CPU
		{E7037DF3-2307-4042-8A1C-364C98A46984}.Debug|Any CPU.ActiveCfg = Debug|Any CPU
		{E7037DF3-2307-4042-8A1C-364C98A46984}.Debug|Any CPU.Build.0 = Debug|Any CPU
		{E7037DF3-2307-4042-8A1C-364C98A46984}.Debug|Mixed Platforms.ActiveCfg = Debug|Any CPU
		{E7037DF3-2307-4042-8A1C-364C98A46984}.Debug|Mixed Platforms.Build.0 = Debug|Any CPU
		{E7037DF3-2307-4042-8A1C-364C98A46984}.Debug|x86.ActiveCfg = Debug|Any CPU
		{E7037DF3-2307-4042-8A1C-364C98A46984}.Release|Any CPU.ActiveCfg = Release|Any CPU
		{E7037DF3-2307-4042-8A1C-364C98A46984}.Release|Any CPU.Build.0 = Release|Any CPU
		{E7037DF3-2307-4042-8A1C-364C98A46984}.Release|Mixed Platforms.ActiveCfg = Release|Any CPU
		{E7037DF3-2307-4042-8A1C-364C98A46984}.Release|Mixed Platforms.Build.0 = Release|Any CPU
		{E7037DF3-2307-4042-8A1C-364C98A46984}.Release|x86.ActiveCfg = Release|Any CPU
		{2E11945C-1D47-4FD5-BF8B-454B9D4FA5BC}.Debug|Any CPU.ActiveCfg = Debug|Any CPU
		{2E11945C-1D47-4FD5-BF8B-454B9D4FA5BC}.Debug|Any CPU.Build.0 = Debug|Any CPU
		{2E11945C-1D47-4FD5-BF8B-454B9D4FA5BC}.Debug|Mixed Platforms.ActiveCfg = Debug|Any CPU
		{2E11945C-1D47-4FD5-BF8B-454B9D4FA5BC}.Debug|Mixed Platforms.Build.0 = Debug|Any CPU
		{2E11945C-1D47-4FD5-BF8B-454B9D4FA5BC}.Debug|x86.ActiveCfg = Debug|Any CPU
		{2E11945C-1D47-4FD5-BF8B-454B9D4FA5BC}.Release|Any CPU.ActiveCfg = Release|Any CPU
		{2E11945C-1D47-4FD5-BF8B-454B9D4FA5BC}.Release|Any CPU.Build.0 = Release|Any CPU
		{2E11945C-1D47-4FD5-BF8B-454B9D4FA5BC}.Release|Mixed Platforms.ActiveCfg = Release|Any CPU
		{2E11945C-1D47-4FD5-BF8B-454B9D4FA5BC}.Release|Mixed Platforms.Build.0 = Release|Any CPU
		{2E11945C-1D47-4FD5-BF8B-454B9D4FA5BC}.Release|x86.ActiveCfg = Release|Any CPU
		{075F22D1-3B91-4E94-8EAD-B601A0167966}.Debug|Any CPU.ActiveCfg = Debug|Any CPU
		{075F22D1-3B91-4E94-8EAD-B601A0167966}.Debug|Any CPU.Build.0 = Debug|Any CPU
		{075F22D1-3B91-4E94-8EAD-B601A0167966}.Debug|Mixed Platforms.ActiveCfg = Debug|Any CPU
		{075F22D1-3B91-4E94-8EAD-B601A0167966}.Debug|Mixed Platforms.Build.0 = Debug|Any CPU
		{075F22D1-3B91-4E94-8EAD-B601A0167966}.Debug|x86.ActiveCfg = Debug|Any CPU
		{075F22D1-3B91-4E94-8EAD-B601A0167966}.Release|Any CPU.ActiveCfg = Release|Any CPU
		{075F22D1-3B91-4E94-8EAD-B601A0167966}.Release|Any CPU.Build.0 = Release|Any CPU
		{075F22D1-3B91-4E94-8EAD-B601A0167966}.Release|Mixed Platforms.ActiveCfg = Release|Any CPU
		{075F22D1-3B91-4E94-8EAD-B601A0167966}.Release|Mixed Platforms.Build.0 = Release|Any CPU
		{075F22D1-3B91-4E94-8EAD-B601A0167966}.Release|x86.ActiveCfg = Release|Any CPU
		{9775523D-5805-48C2-A80B-9C7D0695F02E}.Debug|Any CPU.ActiveCfg = Debug|Any CPU
		{9775523D-5805-48C2-A80B-9C7D0695F02E}.Debug|Any CPU.Build.0 = Debug|Any CPU
		{9775523D-5805-48C2-A80B-9C7D0695F02E}.Debug|Mixed Platforms.ActiveCfg = Debug|Any CPU
		{9775523D-5805-48C2-A80B-9C7D0695F02E}.Debug|Mixed Platforms.Build.0 = Debug|Any CPU
		{9775523D-5805-48C2-A80B-9C7D0695F02E}.Debug|x86.ActiveCfg = Debug|Any CPU
		{9775523D-5805-48C2-A80B-9C7D0695F02E}.Release|Any CPU.ActiveCfg = Release|Any CPU
		{9775523D-5805-48C2-A80B-9C7D0695F02E}.Release|Any CPU.Build.0 = Release|Any CPU
		{9775523D-5805-48C2-A80B-9C7D0695F02E}.Release|Mixed Platforms.ActiveCfg = Release|Any CPU
		{9775523D-5805-48C2-A80B-9C7D0695F02E}.Release|Mixed Platforms.Build.0 = Release|Any CPU
		{9775523D-5805-48C2-A80B-9C7D0695F02E}.Release|x86.ActiveCfg = Release|Any CPU
		{3D2F920A-F8B0-4A57-A34F-3D22471F70B4}.Debug|Any CPU.ActiveCfg = Debug|Any CPU
		{3D2F920A-F8B0-4A57-A34F-3D22471F70B4}.Debug|Any CPU.Build.0 = Debug|Any CPU
		{3D2F920A-F8B0-4A57-A34F-3D22471F70B4}.Debug|Mixed Platforms.ActiveCfg = Debug|Any CPU
		{3D2F920A-F8B0-4A57-A34F-3D22471F70B4}.Debug|Mixed Platforms.Build.0 = Debug|Any CPU
		{3D2F920A-F8B0-4A57-A34F-3D22471F70B4}.Debug|x86.ActiveCfg = Debug|Any CPU
		{3D2F920A-F8B0-4A57-A34F-3D22471F70B4}.Release|Any CPU.ActiveCfg = Release|Any CPU
		{3D2F920A-F8B0-4A57-A34F-3D22471F70B4}.Release|Any CPU.Build.0 = Release|Any CPU
		{3D2F920A-F8B0-4A57-A34F-3D22471F70B4}.Release|Mixed Platforms.ActiveCfg = Release|Any CPU
		{3D2F920A-F8B0-4A57-A34F-3D22471F70B4}.Release|Mixed Platforms.Build.0 = Release|Any CPU
		{3D2F920A-F8B0-4A57-A34F-3D22471F70B4}.Release|x86.ActiveCfg = Release|Any CPU
		{4FB349D6-44EA-465D-9EAC-AE762BD85BA6}.Debug|Any CPU.ActiveCfg = Debug|Any CPU
		{4FB349D6-44EA-465D-9EAC-AE762BD85BA6}.Debug|Any CPU.Build.0 = Debug|Any CPU
		{4FB349D6-44EA-465D-9EAC-AE762BD85BA6}.Debug|Mixed Platforms.ActiveCfg = Debug|Any CPU
		{4FB349D6-44EA-465D-9EAC-AE762BD85BA6}.Debug|Mixed Platforms.Build.0 = Debug|Any CPU
		{4FB349D6-44EA-465D-9EAC-AE762BD85BA6}.Debug|x86.ActiveCfg = Debug|Any CPU
		{4FB349D6-44EA-465D-9EAC-AE762BD85BA6}.Release|Any CPU.ActiveCfg = Release|Any CPU
		{4FB349D6-44EA-465D-9EAC-AE762BD85BA6}.Release|Any CPU.Build.0 = Release|Any CPU
		{4FB349D6-44EA-465D-9EAC-AE762BD85BA6}.Release|Mixed Platforms.ActiveCfg = Release|Any CPU
		{4FB349D6-44EA-465D-9EAC-AE762BD85BA6}.Release|Mixed Platforms.Build.0 = Release|Any CPU
		{4FB349D6-44EA-465D-9EAC-AE762BD85BA6}.Release|x86.ActiveCfg = Release|Any CPU
		{6A0BF188-6A2B-4C76-9B4C-30B74F01F0B8}.Debug|Any CPU.ActiveCfg = Debug|Any CPU
		{6A0BF188-6A2B-4C76-9B4C-30B74F01F0B8}.Debug|Any CPU.Build.0 = Debug|Any CPU
		{6A0BF188-6A2B-4C76-9B4C-30B74F01F0B8}.Debug|Mixed Platforms.ActiveCfg = Debug|Any CPU
		{6A0BF188-6A2B-4C76-9B4C-30B74F01F0B8}.Debug|Mixed Platforms.Build.0 = Debug|Any CPU
		{6A0BF188-6A2B-4C76-9B4C-30B74F01F0B8}.Debug|x86.ActiveCfg = Debug|Any CPU
		{6A0BF188-6A2B-4C76-9B4C-30B74F01F0B8}.Release|Any CPU.ActiveCfg = Release|Any CPU
		{6A0BF188-6A2B-4C76-9B4C-30B74F01F0B8}.Release|Any CPU.Build.0 = Release|Any CPU
		{6A0BF188-6A2B-4C76-9B4C-30B74F01F0B8}.Release|Mixed Platforms.ActiveCfg = Release|Any CPU
		{6A0BF188-6A2B-4C76-9B4C-30B74F01F0B8}.Release|Mixed Platforms.Build.0 = Release|Any CPU
		{6A0BF188-6A2B-4C76-9B4C-30B74F01F0B8}.Release|x86.ActiveCfg = Release|Any CPU
		{E8B7241D-886C-4056-88CC-F4A6F41AC2D9}.Debug|Any CPU.ActiveCfg = Debug|Any CPU
		{E8B7241D-886C-4056-88CC-F4A6F41AC2D9}.Debug|Any CPU.Build.0 = Debug|Any CPU
		{E8B7241D-886C-4056-88CC-F4A6F41AC2D9}.Debug|Mixed Platforms.ActiveCfg = Debug|Any CPU
		{E8B7241D-886C-4056-88CC-F4A6F41AC2D9}.Debug|Mixed Platforms.Build.0 = Debug|Any CPU
		{E8B7241D-886C-4056-88CC-F4A6F41AC2D9}.Debug|x86.ActiveCfg = Debug|Any CPU
		{E8B7241D-886C-4056-88CC-F4A6F41AC2D9}.Release|Any CPU.ActiveCfg = Release|Any CPU
		{E8B7241D-886C-4056-88CC-F4A6F41AC2D9}.Release|Any CPU.Build.0 = Release|Any CPU
		{E8B7241D-886C-4056-88CC-F4A6F41AC2D9}.Release|Mixed Platforms.ActiveCfg = Release|Any CPU
		{E8B7241D-886C-4056-88CC-F4A6F41AC2D9}.Release|Mixed Platforms.Build.0 = Release|Any CPU
		{E8B7241D-886C-4056-88CC-F4A6F41AC2D9}.Release|x86.ActiveCfg = Release|Any CPU
		{336279C2-07D0-4119-B02A-6AEE8ECAF4BC}.Debug|Any CPU.ActiveCfg = Debug|x86
		{336279C2-07D0-4119-B02A-6AEE8ECAF4BC}.Debug|Mixed Platforms.ActiveCfg = Debug|x86
		{336279C2-07D0-4119-B02A-6AEE8ECAF4BC}.Debug|Mixed Platforms.Build.0 = Debug|x86
		{336279C2-07D0-4119-B02A-6AEE8ECAF4BC}.Debug|x86.ActiveCfg = Debug|x86
		{336279C2-07D0-4119-B02A-6AEE8ECAF4BC}.Debug|x86.Build.0 = Debug|x86
		{336279C2-07D0-4119-B02A-6AEE8ECAF4BC}.Release|Any CPU.ActiveCfg = Release|x86
		{336279C2-07D0-4119-B02A-6AEE8ECAF4BC}.Release|Mixed Platforms.ActiveCfg = Release|x86
		{336279C2-07D0-4119-B02A-6AEE8ECAF4BC}.Release|Mixed Platforms.Build.0 = Release|x86
		{336279C2-07D0-4119-B02A-6AEE8ECAF4BC}.Release|x86.ActiveCfg = Release|x86
		{336279C2-07D0-4119-B02A-6AEE8ECAF4BC}.Release|x86.Build.0 = Release|x86
		{157881E0-8E6E-4566-9895-42BE076CAC38}.Debug|Any CPU.ActiveCfg = Debug|Any CPU
		{157881E0-8E6E-4566-9895-42BE076CAC38}.Debug|Any CPU.Build.0 = Debug|Any CPU
		{157881E0-8E6E-4566-9895-42BE076CAC38}.Debug|Mixed Platforms.ActiveCfg = Debug|Any CPU
		{157881E0-8E6E-4566-9895-42BE076CAC38}.Debug|Mixed Platforms.Build.0 = Debug|Any CPU
		{157881E0-8E6E-4566-9895-42BE076CAC38}.Debug|x86.ActiveCfg = Debug|Any CPU
		{157881E0-8E6E-4566-9895-42BE076CAC38}.Release|Any CPU.ActiveCfg = Release|Any CPU
		{157881E0-8E6E-4566-9895-42BE076CAC38}.Release|Any CPU.Build.0 = Release|Any CPU
		{157881E0-8E6E-4566-9895-42BE076CAC38}.Release|Mixed Platforms.ActiveCfg = Release|Any CPU
		{157881E0-8E6E-4566-9895-42BE076CAC38}.Release|Mixed Platforms.Build.0 = Release|Any CPU
		{157881E0-8E6E-4566-9895-42BE076CAC38}.Release|x86.ActiveCfg = Release|Any CPU
		{1DD6CD3B-E53D-4770-97C9-6A5B0B551E89}.Debug|Any CPU.ActiveCfg = Debug|Any CPU
		{1DD6CD3B-E53D-4770-97C9-6A5B0B551E89}.Debug|Any CPU.Build.0 = Debug|Any CPU
		{1DD6CD3B-E53D-4770-97C9-6A5B0B551E89}.Debug|Mixed Platforms.ActiveCfg = Debug|Any CPU
		{1DD6CD3B-E53D-4770-97C9-6A5B0B551E89}.Debug|Mixed Platforms.Build.0 = Debug|Any CPU
		{1DD6CD3B-E53D-4770-97C9-6A5B0B551E89}.Debug|x86.ActiveCfg = Debug|Any CPU
		{1DD6CD3B-E53D-4770-97C9-6A5B0B551E89}.Release|Any CPU.ActiveCfg = Release|Any CPU
		{1DD6CD3B-E53D-4770-97C9-6A5B0B551E89}.Release|Any CPU.Build.0 = Release|Any CPU
		{1DD6CD3B-E53D-4770-97C9-6A5B0B551E89}.Release|Mixed Platforms.ActiveCfg = Release|Any CPU
		{1DD6CD3B-E53D-4770-97C9-6A5B0B551E89}.Release|Mixed Platforms.Build.0 = Release|Any CPU
		{1DD6CD3B-E53D-4770-97C9-6A5B0B551E89}.Release|x86.ActiveCfg = Release|Any CPU
	EndGlobalSection
	GlobalSection(SolutionProperties) = preSolution
		HideSolutionNode = FALSE
	EndGlobalSection
EndGlobal
