
Microsoft Visual Studio Solution File, Format Version 12.00
# Visual Studio Version 16
VisualStudioVersion = 16.0.30503.244
MinimumVisualStudioVersion = 10.0.40219.1
Project("{9A19103F-16F7-4668-BE54-9A1E7A4F7556}") = "Sentinel", "Sentinel\Sentinel.csproj", "{53824F40-064F-46B9-B063-1B6F7AB4CE95}"
EndProject
Global
	GlobalSection(SolutionConfigurationPlatforms) = preSolution
		Debug|Any CPU = Debug|Any CPU
		Release|Any CPU = Release|Any CPU
		Standalone_Debug|Any CPU = Standalone_Debug|Any CPU
		Standalone|Any CPU = Standalone|Any CPU
	EndGlobalSection
	GlobalSection(ProjectConfigurationPlatforms) = postSolution
		{53824F40-064F-46B9-B063-1B6F7AB4CE95}.Debug|Any CPU.ActiveCfg = Debug|Any CPU
		{53824F40-064F-46B9-B063-1B6F7AB4CE95}.Debug|Any CPU.Build.0 = Debug|Any CPU
		{53824F40-064F-46B9-B063-1B6F7AB4CE95}.Release|Any CPU.ActiveCfg = Release|Any CPU
		{53824F40-064F-46B9-B063-1B6F7AB4CE95}.Release|Any CPU.Build.0 = Release|Any CPU
		{53824F40-064F-46B9-B063-1B6F7AB4CE95}.Standalone_Debug|Any CPU.ActiveCfg = Debug|Any CPU
		{53824F40-064F-46B9-B063-1B6F7AB4CE95}.Standalone_Debug|Any CPU.Build.0 = Debug|Any CPU
		{53824F40-064F-46B9-B063-1B6F7AB4CE95}.Standalone|Any CPU.ActiveCfg = Debug|Any CPU
		{53824F40-064F-46B9-B063-1B6F7AB4CE95}.Standalone|Any CPU.Build.0 = Debug|Any CPU
	EndGlobalSection
	GlobalSection(SolutionProperties) = preSolution
		HideSolutionNode = FALSE
	EndGlobalSection
	GlobalSection(ExtensibilityGlobals) = postSolution
		SolutionGuid = {28BEB7F3-F084-4255-BB5B-82292544AAA3}
	EndGlobalSection
EndGlobal
